// !$*UTF8*$!
{
	archiveVersion = 1;
	classes = {
	};
	objectVersion = 56;
	objects = {

/* Begin PBXBuildFile section */
		441146732A3C387100D590C5 /* AppDelegate.swift in Sources */ = {isa = PBXBuildFile; fileRef = 441146722A3C387100D590C5 /* AppDelegate.swift */; };
		441146752A3C387100D590C5 /* SceneDelegate.swift in Sources */ = {isa = PBXBuildFile; fileRef = 441146742A3C387100D590C5 /* SceneDelegate.swift */; };
		441146772A3C387100D590C5 /* RegisterViewController.swift in Sources */ = {isa = PBXBuildFile; fileRef = 441146762A3C387100D590C5 /* RegisterViewController.swift */; };
		4411467A2A3C387100D590C5 /* Main.storyboard in Resources */ = {isa = PBXBuildFile; fileRef = 441146782A3C387100D590C5 /* Main.storyboard */; };
		4411467C2A3C387300D590C5 /* Assets.xcassets in Resources */ = {isa = PBXBuildFile; fileRef = 4411467B2A3C387300D590C5 /* Assets.xcassets */; };
		4411467F2A3C387300D590C5 /* LaunchScreen.storyboard in Resources */ = {isa = PBXBuildFile; fileRef = 4411467D2A3C387300D590C5 /* LaunchScreen.storyboard */; };
		4411468A2A3C3A7E00D590C5 /* SQLite in Frameworks */ = {isa = PBXBuildFile; productRef = 441146892A3C3A7E00D590C5 /* SQLite */; };
		4411468C2A3C3A9200D590C5 /* Department.swift in Sources */ = {isa = PBXBuildFile; fileRef = 4411468B2A3C3A9200D590C5 /* Department.swift */; };
		4411468E2A3C3AB500D590C5 /* DBHelper.swift in Sources */ = {isa = PBXBuildFile; fileRef = 4411468D2A3C3AB500D590C5 /* DBHelper.swift */; };
		441146902A3C3C4200D590C5 /* EmployeesListController.swift in Sources */ = {isa = PBXBuildFile; fileRef = 4411468F2A3C3C4200D590C5 /* EmployeesListController.swift */; };
		4411469D2A3C999300D590C5 /* TableViewCell.swift in Sources */ = {isa = PBXBuildFile; fileRef = 4411469B2A3C999300D590C5 /* TableViewCell.swift */; };
		4411469E2A3C999300D590C5 /* TableViewCell.xib in Resources */ = {isa = PBXBuildFile; fileRef = 4411469C2A3C999300D590C5 /* TableViewCell.xib */; };
		445520192A3FEE0F00462081 /* EmployeeDetailsViewController.swift in Sources */ = {isa = PBXBuildFile; fileRef = 445520182A3FEE0F00462081 /* EmployeeDetailsViewController.swift */; };
		4455201B2A400B9B00462081 /* SearchViewController.swift in Sources */ = {isa = PBXBuildFile; fileRef = 4455201A2A400B9B00462081 /* SearchViewController.swift */; };
		4455201D2A403A7D00462081 /* Employee.swift in Sources */ = {isa = PBXBuildFile; fileRef = 4455201C2A403A7D00462081 /* Employee.swift */; };
		63FCAE18F922A4490FD268B9 /* Pods_swift.framework in Frameworks */ = {isa = PBXBuildFile; fileRef = 0670B44B6F48C2CDC8E1E3E4 /* Pods_swift.framework */; };
/* End PBXBuildFile section */

/* Begin PBXFileReference section */
		0670B44B6F48C2CDC8E1E3E4 /* Pods_swift.framework */ = {isa = PBXFileReference; explicitFileType = wrapper.framework; includeInIndex = 0; path = Pods_swift.framework; sourceTree = BUILT_PRODUCTS_DIR; };
		4411466F2A3C387100D590C5 /* swift.app */ = {isa = PBXFileReference; explicitFileType = wrapper.application; includeInIndex = 0; path = swift.app; sourceTree = BUILT_PRODUCTS_DIR; };
		441146722A3C387100D590C5 /* AppDelegate.swift */ = {isa = PBXFileReference; lastKnownFileType = sourcecode.swift; path = AppDelegate.swift; sourceTree = "<group>"; };
		441146742A3C387100D590C5 /* SceneDelegate.swift */ = {isa = PBXFileReference; lastKnownFileType = sourcecode.swift; path = SceneDelegate.swift; sourceTree = "<group>"; };
		441146762A3C387100D590C5 /* RegisterViewController.swift */ = {isa = PBXFileReference; lastKnownFileType = sourcecode.swift; path = RegisterViewController.swift; sourceTree = "<group>"; };
		441146792A3C387100D590C5 /* Base */ = {isa = PBXFileReference; lastKnownFileType = file.storyboard; name = Base; path = Base.lproj/Main.storyboard; sourceTree = "<group>"; };
		4411467B2A3C387300D590C5 /* Assets.xcassets */ = {isa = PBXFileReference; lastKnownFileType = folder.assetcatalog; path = Assets.xcassets; sourceTree = "<group>"; };
		4411467E2A3C387300D590C5 /* Base */ = {isa = PBXFileReference; lastKnownFileType = file.storyboard; name = Base; path = Base.lproj/LaunchScreen.storyboard; sourceTree = "<group>"; };
		441146802A3C387300D590C5 /* Info.plist */ = {isa = PBXFileReference; lastKnownFileType = text.plist.xml; path = Info.plist; sourceTree = "<group>"; };
		4411468B2A3C3A9200D590C5 /* Department.swift */ = {isa = PBXFileReference; lastKnownFileType = sourcecode.swift; path = Department.swift; sourceTree = "<group>"; };
		4411468D2A3C3AB500D590C5 /* DBHelper.swift */ = {isa = PBXFileReference; lastKnownFileType = sourcecode.swift; path = DBHelper.swift; sourceTree = "<group>"; };
		4411468F2A3C3C4200D590C5 /* EmployeesListController.swift */ = {isa = PBXFileReference; lastKnownFileType = sourcecode.swift; path = EmployeesListController.swift; sourceTree = "<group>"; };
		4411469B2A3C999300D590C5 /* TableViewCell.swift */ = {isa = PBXFileReference; lastKnownFileType = sourcecode.swift; path = TableViewCell.swift; sourceTree = "<group>"; };
		4411469C2A3C999300D590C5 /* TableViewCell.xib */ = {isa = PBXFileReference; lastKnownFileType = file.xib; path = TableViewCell.xib; sourceTree = "<group>"; };
		445520182A3FEE0F00462081 /* EmployeeDetailsViewController.swift */ = {isa = PBXFileReference; lastKnownFileType = sourcecode.swift; path = EmployeeDetailsViewController.swift; sourceTree = "<group>"; };
		4455201A2A400B9B00462081 /* SearchViewController.swift */ = {isa = PBXFileReference; lastKnownFileType = sourcecode.swift; path = SearchViewController.swift; sourceTree = "<group>"; };
		4455201C2A403A7D00462081 /* Employee.swift */ = {isa = PBXFileReference; lastKnownFileType = sourcecode.swift; path = Employee.swift; sourceTree = "<group>"; };
		97CC10ED7E704CD46AEE0BEE /* Pods-swift.debug.xcconfig */ = {isa = PBXFileReference; includeInIndex = 1; lastKnownFileType = text.xcconfig; name = "Pods-swift.debug.xcconfig"; path = "Target Support Files/Pods-swift/Pods-swift.debug.xcconfig"; sourceTree = "<group>"; };
		9DA435E09E900D1FEC103C11 /* Pods-swift.release.xcconfig */ = {isa = PBXFileReference; includeInIndex = 1; lastKnownFileType = text.xcconfig; name = "Pods-swift.release.xcconfig"; path = "Target Support Files/Pods-swift/Pods-swift.release.xcconfig"; sourceTree = "<group>"; };
/* End PBXFileReference section */

/* Begin PBXFrameworksBuildPhase section */
		4411466C2A3C387100D590C5 /* Frameworks */ = {
			isa = PBXFrameworksBuildPhase;
			buildActionMask = 2147483647;
			files = (
				4411468A2A3C3A7E00D590C5 /* SQLite in Frameworks */,
				63FCAE18F922A4490FD268B9 /* Pods_swift.framework in Frameworks */,
			);
			runOnlyForDeploymentPostprocessing = 0;
		};
/* End PBXFrameworksBuildPhase section */

/* Begin PBXGroup section */
		441146662A3C387100D590C5 = {
			isa = PBXGroup;
			children = (
				441146712A3C387100D590C5 /* swift */,
				441146702A3C387100D590C5 /* Products */,
				46EA74F127593FC7FCD690EE /* Pods */,
				7F6A454D4962723E39DB1CDB /* Frameworks */,
			);
			sourceTree = "<group>";
		};
		441146702A3C387100D590C5 /* Products */ = {
			isa = PBXGroup;
			children = (
				4411466F2A3C387100D590C5 /* swift.app */,
			);
			name = Products;
			sourceTree = "<group>";
		};
		441146712A3C387100D590C5 /* swift */ = {
			isa = PBXGroup;
			children = (
				441146722A3C387100D590C5 /* AppDelegate.swift */,
				441146742A3C387100D590C5 /* SceneDelegate.swift */,
				441146762A3C387100D590C5 /* RegisterViewController.swift */,
				4411468B2A3C3A9200D590C5 /* Department.swift */,
				4411468F2A3C3C4200D590C5 /* EmployeesListController.swift */,
				445520182A3FEE0F00462081 /* EmployeeDetailsViewController.swift */,
				441146782A3C387100D590C5 /* Main.storyboard */,
				4411468D2A3C3AB500D590C5 /* DBHelper.swift */,
				4411467B2A3C387300D590C5 /* Assets.xcassets */,
				4411467D2A3C387300D590C5 /* LaunchScreen.storyboard */,
				441146802A3C387300D590C5 /* Info.plist */,
				4411469B2A3C999300D590C5 /* TableViewCell.swift */,
				4411469C2A3C999300D590C5 /* TableViewCell.xib */,
				4455201A2A400B9B00462081 /* SearchViewController.swift */,
				4455201C2A403A7D00462081 /* Employee.swift */,
			);
			path = swift;
			sourceTree = "<group>";
		};
		46EA74F127593FC7FCD690EE /* Pods */ = {
			isa = PBXGroup;
			children = (
				97CC10ED7E704CD46AEE0BEE /* Pods-swift.debug.xcconfig */,
				9DA435E09E900D1FEC103C11 /* Pods-swift.release.xcconfig */,
			);
			path = Pods;
			sourceTree = "<group>";
		};
		7F6A454D4962723E39DB1CDB /* Frameworks */ = {
			isa = PBXGroup;
			children = (
				0670B44B6F48C2CDC8E1E3E4 /* Pods_swift.framework */,
			);
			name = Frameworks;
			sourceTree = "<group>";
		};
/* End PBXGroup section */

/* Begin PBXNativeTarget section */
		4411466E2A3C387100D590C5 /* swift */ = {
			isa = PBXNativeTarget;
			buildConfigurationList = 441146832A3C387300D590C5 /* Build configuration list for PBXNativeTarget "swift" */;
			buildPhases = (
				A1160CF336AC758EE208F890 /* [CP] Check Pods Manifest.lock */,
				4411466B2A3C387100D590C5 /* Sources */,
				4411466C2A3C387100D590C5 /* Frameworks */,
				4411466D2A3C387100D590C5 /* Resources */,
				45732F3C4E9A3A4982F0CF6F /* [CP] Embed Pods Frameworks */,
			);
			buildRules = (
			);
			dependencies = (
			);
			name = swift;
			packageProductDependencies = (
				441146892A3C3A7E00D590C5 /* SQLite */,
			);
			productName = swift;
			productReference = 4411466F2A3C387100D590C5 /* swift.app */;
			productType = "com.apple.product-type.application";
		};
/* End PBXNativeTarget section */

/* Begin PBXProject section */
		441146672A3C387100D590C5 /* Project object */ = {
			isa = PBXProject;
			attributes = {
				BuildIndependentTargetsInParallel = 1;
				LastSwiftUpdateCheck = 1430;
				LastUpgradeCheck = 1430;
				TargetAttributes = {
					4411466E2A3C387100D590C5 = {
						CreatedOnToolsVersion = 14.3;
					};
				};
			};
			buildConfigurationList = 4411466A2A3C387100D590C5 /* Build configuration list for PBXProject "swift" */;
			compatibilityVersion = "Xcode 14.0";
			developmentRegion = en;
			hasScannedForEncodings = 0;
			knownRegions = (
				en,
				Base,
			);
			mainGroup = 441146662A3C387100D590C5;
			packageReferences = (
				441146882A3C3A7E00D590C5 /* XCRemoteSwiftPackageReference "SQLite.swift" */,
			);
			productRefGroup = 441146702A3C387100D590C5 /* Products */;
			projectDirPath = "";
			projectRoot = "";
			targets = (
				4411466E2A3C387100D590C5 /* swift */,
			);
		};
/* End PBXProject section */

/* Begin PBXResourcesBuildPhase section */
		4411466D2A3C387100D590C5 /* Resources */ = {
			isa = PBXResourcesBuildPhase;
			buildActionMask = 2147483647;
			files = (
				4411467F2A3C387300D590C5 /* LaunchScreen.storyboard in Resources */,
				4411469E2A3C999300D590C5 /* TableViewCell.xib in Resources */,
				4411467C2A3C387300D590C5 /* Assets.xcassets in Resources */,
				4411467A2A3C387100D590C5 /* Main.storyboard in Resources */,
			);
			runOnlyForDeploymentPostprocessing = 0;
		};
/* End PBXResourcesBuildPhase section */

/* Begin PBXShellScriptBuildPhase section */
		45732F3C4E9A3A4982F0CF6F /* [CP] Embed Pods Frameworks */ = {
			isa = PBXShellScriptBuildPhase;
			buildActionMask = 2147483647;
			files = (
			);
			inputFileListPaths = (
				"${PODS_ROOT}/Target Support Files/Pods-swift/Pods-swift-frameworks-${CONFIGURATION}-input-files.xcfilelist",
			);
			name = "[CP] Embed Pods Frameworks";
			outputFileListPaths = (
				"${PODS_ROOT}/Target Support Files/Pods-swift/Pods-swift-frameworks-${CONFIGURATION}-output-files.xcfilelist",
			);
			runOnlyForDeploymentPostprocessing = 0;
			shellPath = /bin/sh;
			shellScript = "\"${PODS_ROOT}/Target Support Files/Pods-swift/Pods-swift-frameworks.sh\"\n";
			showEnvVarsInLog = 0;
		};
		A1160CF336AC758EE208F890 /* [CP] Check Pods Manifest.lock */ = {
			isa = PBXShellScriptBuildPhase;
			buildActionMask = 2147483647;
			files = (
			);
			inputFileListPaths = (
			);
			inputPaths = (
				"${PODS_PODFILE_DIR_PATH}/Podfile.lock",
				"${PODS_ROOT}/Manifest.lock",
			);
			name = "[CP] Check Pods Manifest.lock";
			outputFileListPaths = (
			);
			outputPaths = (
				"$(DERIVED_FILE_DIR)/Pods-swift-checkManifestLockResult.txt",
			);
			runOnlyForDeploymentPostprocessing = 0;
			shellPath = /bin/sh;
			shellScript = "diff \"${PODS_PODFILE_DIR_PATH}/Podfile.lock\" \"${PODS_ROOT}/Manifest.lock\" > /dev/null\nif [ $? != 0 ] ; then\n    # print error to STDERR\n    echo \"error: The sandbox is not in sync with the Podfile.lock. Run 'pod install' or update your CocoaPods installation.\" >&2\n    exit 1\nfi\n# This output is used by Xcode 'outputs' to avoid re-running this script phase.\necho \"SUCCESS\" > \"${SCRIPT_OUTPUT_FILE_0}\"\n";
			showEnvVarsInLog = 0;
		};
/* End PBXShellScriptBuildPhase section */

/* Begin PBXSourcesBuildPhase section */
		4411466B2A3C387100D590C5 /* Sources */ = {
			isa = PBXSourcesBuildPhase;
			buildActionMask = 2147483647;
			files = (
				441146772A3C387100D590C5 /* RegisterViewController.swift in Sources */,
				4411468E2A3C3AB500D590C5 /* DBHelper.swift in Sources */,
				441146732A3C387100D590C5 /* AppDelegate.swift in Sources */,
				4455201D2A403A7D00462081 /* Employee.swift in Sources */,
				4455201B2A400B9B00462081 /* SearchViewController.swift in Sources */,
				445520192A3FEE0F00462081 /* EmployeeDetailsViewController.swift in Sources */,
				4411468C2A3C3A9200D590C5 /* Department.swift in Sources */,
				441146752A3C387100D590C5 /* SceneDelegate.swift in Sources */,
				4411469D2A3C999300D590C5 /* TableViewCell.swift in Sources */,
				441146902A3C3C4200D590C5 /* EmployeesListController.swift in Sources */,
			);
			runOnlyForDeploymentPostprocessing = 0;
		};
/* End PBXSourcesBuildPhase section */

/* Begin PBXVariantGroup section */
		441146782A3C387100D590C5 /* Main.storyboard */ = {
			isa = PBXVariantGroup;
			children = (
				441146792A3C387100D590C5 /* Base */,
			);
			name = Main.storyboard;
			sourceTree = "<group>";
		};
		4411467D2A3C387300D590C5 /* LaunchScreen.storyboard */ = {
			isa = PBXVariantGroup;
			children = (
				4411467E2A3C387300D590C5 /* Base */,
			);
			name = LaunchScreen.storyboard;
			sourceTree = "<group>";
		};
/* End PBXVariantGroup section */

/* Begin XCBuildConfiguration section */
		441146812A3C387300D590C5 /* Debug */ = {
			isa = XCBuildConfiguration;
			buildSettings = {
				ALWAYS_SEARCH_USER_PATHS = NO;
				CLANG_ANALYZER_NONNULL = YES;
				CLANG_ANALYZER_NUMBER_OBJECT_CONVERSION = YES_AGGRESSIVE;
				CLANG_CXX_LANGUAGE_STANDARD = "gnu++20";
				CLANG_ENABLE_MODULES = YES;
				CLANG_ENABLE_OBJC_ARC = YES;
				CLANG_ENABLE_OBJC_WEAK = YES;
				CLANG_WARN_BLOCK_CAPTURE_AUTORELEASING = YES;
				CLANG_WARN_BOOL_CONVERSION = YES;
				CLANG_WARN_COMMA = YES;
				CLANG_WARN_CONSTANT_CONVERSION = YES;
				CLANG_WARN_DEPRECATED_OBJC_IMPLEMENTATIONS = YES;
				CLANG_WARN_DIRECT_OBJC_ISA_USAGE = YES_ERROR;
				CLANG_WARN_DOCUMENTATION_COMMENTS = YES;
				CLANG_WARN_EMPTY_BODY = YES;
				CLANG_WARN_ENUM_CONVERSION = YES;
				CLANG_WARN_INFINITE_RECURSION = YES;
				CLANG_WARN_INT_CONVERSION = YES;
				CLANG_WARN_NON_LITERAL_NULL_CONVERSION = YES;
				CLANG_WARN_OBJC_IMPLICIT_RETAIN_SELF = YES;
				CLANG_WARN_OBJC_LITERAL_CONVERSION = YES;
				CLANG_WARN_OBJC_ROOT_CLASS = YES_ERROR;
				CLANG_WARN_QUOTED_INCLUDE_IN_FRAMEWORK_HEADER = YES;
				CLANG_WARN_RANGE_LOOP_ANALYSIS = YES;
				CLANG_WARN_STRICT_PROTOTYPES = YES;
				CLANG_WARN_SUSPICIOUS_MOVE = YES;
				CLANG_WARN_UNGUARDED_AVAILABILITY = YES_AGGRESSIVE;
				CLANG_WARN_UNREACHABLE_CODE = YES;
				CLANG_WARN__DUPLICATE_METHOD_MATCH = YES;
				COPY_PHASE_STRIP = NO;
				DEBUG_INFORMATION_FORMAT = dwarf;
				ENABLE_STRICT_OBJC_MSGSEND = YES;
				ENABLE_TESTABILITY = YES;
				GCC_C_LANGUAGE_STANDARD = gnu11;
				GCC_DYNAMIC_NO_PIC = NO;
				GCC_NO_COMMON_BLOCKS = YES;
				GCC_OPTIMIZATION_LEVEL = 0;
				GCC_PREPROCESSOR_DEFINITIONS = (
					"DEBUG=1",
					"$(inherited)",
				);
				GCC_WARN_64_TO_32_BIT_CONVERSION = YES;
				GCC_WARN_ABOUT_RETURN_TYPE = YES_ERROR;
				GCC_WARN_UNDECLARED_SELECTOR = YES;
				GCC_WARN_UNINITIALIZED_AUTOS = YES_AGGRESSIVE;
				GCC_WARN_UNUSED_FUNCTION = YES;
				GCC_WARN_UNUSED_VARIABLE = YES;
				IPHONEOS_DEPLOYMENT_TARGET = 16.4;
				MTL_ENABLE_DEBUG_INFO = INCLUDE_SOURCE;
				MTL_FAST_MATH = YES;
				ONLY_ACTIVE_ARCH = YES;
				SDKROOT = iphoneos;
				SWIFT_ACTIVE_COMPILATION_CONDITIONS = DEBUG;
				SWIFT_OPTIMIZATION_LEVEL = "-Onone";
			};
			name = Debug;
		};
		441146822A3C387300D590C5 /* Release */ = {
			isa = XCBuildConfiguration;
			buildSettings = {
				ALWAYS_SEARCH_USER_PATHS = NO;
				CLANG_ANALYZER_NONNULL = YES;
				CLANG_ANALYZER_NUMBER_OBJECT_CONVERSION = YES_AGGRESSIVE;
				CLANG_CXX_LANGUAGE_STANDARD = "gnu++20";
				CLANG_ENABLE_MODULES = YES;
				CLANG_ENABLE_OBJC_ARC = YES;
				CLANG_ENABLE_OBJC_WEAK = YES;
				CLANG_WARN_BLOCK_CAPTURE_AUTORELEASING = YES;
				CLANG_WARN_BOOL_CONVERSION = YES;
				CLANG_WARN_COMMA = YES;
				CLANG_WARN_CONSTANT_CONVERSION = YES;
				CLANG_WARN_DEPRECATED_OBJC_IMPLEMENTATIONS = YES;
				CLANG_WARN_DIRECT_OBJC_ISA_USAGE = YES_ERROR;
				CLANG_WARN_DOCUMENTATION_COMMENTS = YES;
				CLANG_WARN_EMPTY_BODY = YES;
				CLANG_WARN_ENUM_CONVERSION = YES;
				CLANG_WARN_INFINITE_RECURSION = YES;
				CLANG_WARN_INT_CONVERSION = YES;
				CLANG_WARN_NON_LITERAL_NULL_CONVERSION = YES;
				CLANG_WARN_OBJC_IMPLICIT_RETAIN_SELF = YES;
				CLANG_WARN_OBJC_LITERAL_CONVERSION = YES;
				CLANG_WARN_OBJC_ROOT_CLASS = YES_ERROR;
				CLANG_WARN_QUOTED_INCLUDE_IN_FRAMEWORK_HEADER = YES;
				CLANG_WARN_RANGE_LOOP_ANALYSIS = YES;
				CLANG_WARN_STRICT_PROTOTYPES = YES;
				CLANG_WARN_SUSPICIOUS_MOVE = YES;
				CLANG_WARN_UNGUARDED_AVAILABILITY = YES_AGGRESSIVE;
				CLANG_WARN_UNREACHABLE_CODE = YES;
				CLANG_WARN__DUPLICATE_METHOD_MATCH = YES;
				COPY_PHASE_STRIP = NO;
				DEBUG_INFORMATION_FORMAT = "dwarf-with-dsym";
				ENABLE_NS_ASSERTIONS = NO;
				ENABLE_STRICT_OBJC_MSGSEND = YES;
				GCC_C_LANGUAGE_STANDARD = gnu11;
				GCC_NO_COMMON_BLOCKS = YES;
				GCC_WARN_64_TO_32_BIT_CONVERSION = YES;
				GCC_WARN_ABOUT_RETURN_TYPE = YES_ERROR;
				GCC_WARN_UNDECLARED_SELECTOR = YES;
				GCC_WARN_UNINITIALIZED_AUTOS = YES_AGGRESSIVE;
				GCC_WARN_UNUSED_FUNCTION = YES;
				GCC_WARN_UNUSED_VARIABLE = YES;
				IPHONEOS_DEPLOYMENT_TARGET = 16.4;
				MTL_ENABLE_DEBUG_INFO = NO;
				MTL_FAST_MATH = YES;
				SDKROOT = iphoneos;
				SWIFT_COMPILATION_MODE = wholemodule;
				SWIFT_OPTIMIZATION_LEVEL = "-O";
				VALIDATE_PRODUCT = YES;
			};
			name = Release;
		};
		441146842A3C387300D590C5 /* Debug */ = {
			isa = XCBuildConfiguration;
			baseConfigurationReference = 97CC10ED7E704CD46AEE0BEE /* Pods-swift.debug.xcconfig */;
			buildSettings = {
				ASSETCATALOG_COMPILER_APPICON_NAME = AppIcon;
				ASSETCATALOG_COMPILER_GLOBAL_ACCENT_COLOR_NAME = AccentColor;
				CODE_SIGN_STYLE = Automatic;
				CURRENT_PROJECT_VERSION = 1;
				GENERATE_INFOPLIST_FILE = YES;
				INFOPLIST_FILE = swift/Info.plist;
				INFOPLIST_KEY_UIApplicationSupportsIndirectInputEvents = YES;
				INFOPLIST_KEY_UILaunchStoryboardName = LaunchScreen;
				INFOPLIST_KEY_UIMainStoryboardFile = Main;
				INFOPLIST_KEY_UISupportedInterfaceOrientations_iPad = "UIInterfaceOrientationPortrait UIInterfaceOrientationPortraitUpsideDown UIInterfaceOrientationLandscapeLeft UIInterfaceOrientationLandscapeRight";
				INFOPLIST_KEY_UISupportedInterfaceOrientations_iPhone = "UIInterfaceOrientationPortrait UIInterfaceOrientationLandscapeLeft UIInterfaceOrientationLandscapeRight";
				LD_RUNPATH_SEARCH_PATHS = (
					"$(inherited)",
					"@executable_path/Frameworks",
				);
				MARKETING_VERSION = 1.0;
				PRODUCT_BUNDLE_IDENTIFIER = com.rikai.swift;
				PRODUCT_NAME = "$(TARGET_NAME)";
				SWIFT_EMIT_LOC_STRINGS = YES;
				SWIFT_VERSION = 5.0;
				TARGETED_DEVICE_FAMILY = "1,2";
			};
			name = Debug;
		};
		441146852A3C387300D590C5 /* Release */ = {
			isa = XCBuildConfiguration;
			baseConfigurationReference = 9DA435E09E900D1FEC103C11 /* Pods-swift.release.xcconfig */;
			buildSettings = {
				ASSETCATALOG_COMPILER_APPICON_NAME = AppIcon;
				ASSETCATALOG_COMPILER_GLOBAL_ACCENT_COLOR_NAME = AccentColor;
				CODE_SIGN_STYLE = Automatic;
				CURRENT_PROJECT_VERSION = 1;
				GENERATE_INFOPLIST_FILE = YES;
				INFOPLIST_FILE = swift/Info.plist;
				INFOPLIST_KEY_UIApplicationSupportsIndirectInputEvents = YES;
				INFOPLIST_KEY_UILaunchStoryboardName = LaunchScreen;
				INFOPLIST_KEY_UIMainStoryboardFile = Main;
				INFOPLIST_KEY_UISupportedInterfaceOrientations_iPad = "UIInterfaceOrientationPortrait UIInterfaceOrientationPortraitUpsideDown UIInterfaceOrientationLandscapeLeft UIInterfaceOrientationLandscapeRight";
				INFOPLIST_KEY_UISupportedInterfaceOrientations_iPhone = "UIInterfaceOrientationPortrait UIInterfaceOrientationLandscapeLeft UIInterfaceOrientationLandscapeRight";
				LD_RUNPATH_SEARCH_PATHS = (
					"$(inherited)",
					"@executable_path/Frameworks",
				);
				MARKETING_VERSION = 1.0;
				PRODUCT_BUNDLE_IDENTIFIER = com.rikai.swift;
				PRODUCT_NAME = "$(TARGET_NAME)";
				SWIFT_EMIT_LOC_STRINGS = YES;
				SWIFT_VERSION = 5.0;
				TARGETED_DEVICE_FAMILY = "1,2";
			};
			name = Release;
		};
/* End XCBuildConfiguration section */

/* Begin XCConfigurationList section */
		4411466A2A3C387100D590C5 /* Build configuration list for PBXProject "swift" */ = {
			isa = XCConfigurationList;
			buildConfigurations = (
				441146812A3C387300D590C5 /* Debug */,
				441146822A3C387300D590C5 /* Release */,
			);
			defaultConfigurationIsVisible = 0;
			defaultConfigurationName = Release;
		};
		441146832A3C387300D590C5 /* Build configuration list for PBXNativeTarget "swift" */ = {
			isa = XCConfigurationList;
			buildConfigurations = (
				441146842A3C387300D590C5 /* Debug */,
				441146852A3C387300D590C5 /* Release */,
			);
			defaultConfigurationIsVisible = 0;
			defaultConfigurationName = Release;
		};
/* End XCConfigurationList section */

/* Begin XCRemoteSwiftPackageReference section */
		441146882A3C3A7E00D590C5 /* XCRemoteSwiftPackageReference "SQLite.swift" */ = {
			isa = XCRemoteSwiftPackageReference;
			repositoryURL = "https://github.com/stephencelis/SQLite.swift.git";
			requirement = {
				kind = upToNextMajorVersion;
				minimumVersion = 0.14.1;
			};
		};
/* End XCRemoteSwiftPackageReference section */

/* Begin XCSwiftPackageProductDependency section */
		441146892A3C3A7E00D590C5 /* SQLite */ = {
			isa = XCSwiftPackageProductDependency;
			package = 441146882A3C3A7E00D590C5 /* XCRemoteSwiftPackageReference "SQLite.swift" */;
			productName = SQLite;
		};
/* End XCSwiftPackageProductDependency section */
	};
	rootObject = 441146672A3C387100D590C5 /* Project object */;
}
